
Microsoft Visual Studio Solution File, Format Version 12.00
# Visual Studio Version 16
VisualStudioVersion = 16.0.30711.63
MinimumVisualStudioVersion = 10.0.40219.1
Project("{FAE04EC0-301F-11D3-BF4B-00C04F79EFBC}") = "NetworkAlgorithm", "NetworkAlgorithm.csproj", "{480E8DE3-EBED-44EB-9C65-D915834BB0AA}"
EndProject
Global
	GlobalSection(SolutionConfigurationPlatforms) = preSolution
		Debug|Any CPU = Debug|Any CPU
		Release|Any CPU = Release|Any CPU
	EndGlobalSection
	GlobalSection(ProjectConfigurationPlatforms) = postSolution
		{480E8DE3-EBED-44EB-9C65-D915834BB0AA}.Debug|Any CPU.ActiveCfg = Debug|Any CPU
		{480E8DE3-EBED-44EB-9C65-D915834BB0AA}.Debug|Any CPU.Build.0 = Debug|Any CPU
		{480E8DE3-EBED-44EB-9C65-D915834BB0AA}.Release|Any CPU.ActiveCfg = Release|Any CPU
		{480E8DE3-EBED-44EB-9C65-D915834BB0AA}.Release|Any CPU.Build.0 = Release|Any CPU
	EndGlobalSection
	GlobalSection(SolutionProperties) = preSolution
		HideSolutionNode = FALSE
	EndGlobalSection
	GlobalSection(ExtensibilityGlobals) = postSolution
		SolutionGuid = {7A89CB53-D9D6-4317-B956-11467C7F5F6C}
	EndGlobalSection
EndGlobal
